
Microsoft Visual Studio Solution File, Format Version 12.00
# Visual Studio Version 17
VisualStudioVersion = 17.8.34309.116
MinimumVisualStudioVersion = 10.0.40219.1
Project("{9A19103F-16F7-4668-BE54-9A1E7A4F7556}") = "定时备份", "定时备份.csproj", "{08A15F5E-7613-477B-BD8F-3DCE9C2D4E07}"
EndProject
Global
	GlobalSection(SolutionConfigurationPlatforms) = preSolution
		Debug|Any CPU = Debug|Any CPU
		Release|Any CPU = Release|Any CPU
	EndGlobalSection
	GlobalSection(ProjectConfigurationPlatforms) = postSolution
		{08A15F5E-7613-477B-BD8F-3DCE9C2D4E07}.Debug|Any CPU.ActiveCfg = Debug|Any CPU
		{08A15F5E-7613-477B-BD8F-3DCE9C2D4E07}.Debug|Any CPU.Build.0 = Debug|Any CPU
		{08A15F5E-7613-477B-BD8F-3DCE9C2D4E07}.Release|Any CPU.ActiveCfg = Release|Any CPU
		{08A15F5E-7613-477B-BD8F-3DCE9C2D4E07}.Release|Any CPU.Build.0 = Release|Any CPU
	EndGlobalSection
	GlobalSection(SolutionProperties) = preSolution
		HideSolutionNode = FALSE
	EndGlobalSection
	GlobalSection(ExtensibilityGlobals) = postSolution
		SolutionGuid = {B0A2D4CF-16F5-424E-AE2C-B7A48828EC1C}
	EndGlobalSection
EndGlobal
