
Microsoft Visual Studio Solution File, Format Version 12.00
# Visual Studio Version 17
VisualStudioVersion = 17.5.33516.290
MinimumVisualStudioVersion = 10.0.40219.1
Project("{FAE04EC0-301F-11D3-BF4B-00C04F79EFBC}") = "ColorTrackTest", "ColorTrackTest.csproj", "{B2484C39-9DAB-4FDF-A5BD-113646C3BF5C}"
EndProject
Global
	GlobalSection(SolutionConfigurationPlatforms) = preSolution
		Debug|Any CPU = Debug|Any CPU
		Release|Any CPU = Release|Any CPU
	EndGlobalSection
	GlobalSection(ProjectConfigurationPlatforms) = postSolution
		{B2484C39-9DAB-4FDF-A5BD-113646C3BF5C}.Debug|Any CPU.ActiveCfg = Debug|Any CPU
		{B2484C39-9DAB-4FDF-A5BD-113646C3BF5C}.Debug|Any CPU.Build.0 = Debug|Any CPU
		{B2484C39-9DAB-4FDF-A5BD-113646C3BF5C}.Release|Any CPU.ActiveCfg = Release|Any CPU
		{B2484C39-9DAB-4FDF-A5BD-113646C3BF5C}.Release|Any CPU.Build.0 = Release|Any CPU
	EndGlobalSection
	GlobalSection(SolutionProperties) = preSolution
		HideSolutionNode = FALSE
	EndGlobalSection
	GlobalSection(ExtensibilityGlobals) = postSolution
		SolutionGuid = {3424CD2E-4347-4D31-8917-CD916EA77428}
	EndGlobalSection
EndGlobal
