
Microsoft Visual Studio Solution File, Format Version 12.00
# Visual Studio Version 17
VisualStudioVersion = 17.1.32421.90
MinimumVisualStudioVersion = 10.0.40219.1
Project("{FAE04EC0-301F-11D3-BF4B-00C04F79EFBC}") = "QQ表情包导出器", "QQ表情包导出器.csproj", "{BE591EEB-7E35-4E02-9C24-E98827945E32}"
EndProject
Global
	GlobalSection(SolutionConfigurationPlatforms) = preSolution
		Debug|Any CPU = Debug|Any CPU
		Release|Any CPU = Release|Any CPU
	EndGlobalSection
	GlobalSection(ProjectConfigurationPlatforms) = postSolution
		{BE591EEB-7E35-4E02-9C24-E98827945E32}.Debug|Any CPU.ActiveCfg = Debug|Any CPU
		{BE591EEB-7E35-4E02-9C24-E98827945E32}.Debug|Any CPU.Build.0 = Debug|Any CPU
		{BE591EEB-7E35-4E02-9C24-E98827945E32}.Release|Any CPU.ActiveCfg = Release|Any CPU
		{BE591EEB-7E35-4E02-9C24-E98827945E32}.Release|Any CPU.Build.0 = Release|Any CPU
	EndGlobalSection
	GlobalSection(SolutionProperties) = preSolution
		HideSolutionNode = FALSE
	EndGlobalSection
	GlobalSection(ExtensibilityGlobals) = postSolution
		SolutionGuid = {3BC77806-954A-4E40-B6E5-6FA4F574CB39}
	EndGlobalSection
EndGlobal
